
Microsoft Visual Studio Solution File, Format Version 12.00
# Visual Studio 14
VisualStudioVersion = 14.0.25420.1
MinimumVisualStudioVersion = 10.0.40219.1
Project("{F2A71F9B-5D33-465A-A702-920D77279786}") = "WebScrapper.FSharp", "WebScrapper\WebScrapper.FSharp.fsproj", "{A64A0DA4-1F8B-4D09-B8D3-BE7856375E38}"
EndProject
Project("{F2A71F9B-5D33-465A-A702-920D77279786}") = "WebScrapper.FSharp.Runner", "WebScrapper.Runner\WebScrapper.FSharp.Runner.fsproj", "{CD1553A8-39E9-4CD8-AD24-3735422F826B}"
EndProject
Project("{F2A71F9B-5D33-465A-A702-920D77279786}") = "WebScrapper.FSharp.IntegrationTests", "WebScrapper.IntegrationTest\WebScrapper.FSharp.IntegrationTests.fsproj", "{5AB5C238-0541-443E-84E9-7CC053F0962C}"
EndProject
Global
	GlobalSection(SolutionConfigurationPlatforms) = preSolution
		Debug|Any CPU = Debug|Any CPU
		Release|Any CPU = Release|Any CPU
	EndGlobalSection
	GlobalSection(ProjectConfigurationPlatforms) = postSolution
		{A64A0DA4-1F8B-4D09-B8D3-BE7856375E38}.Debug|Any CPU.ActiveCfg = Debug|Any CPU
		{A64A0DA4-1F8B-4D09-B8D3-BE7856375E38}.Debug|Any CPU.Build.0 = Debug|Any CPU
		{A64A0DA4-1F8B-4D09-B8D3-BE7856375E38}.Release|Any CPU.ActiveCfg = Release|Any CPU
		{A64A0DA4-1F8B-4D09-B8D3-BE7856375E38}.Release|Any CPU.Build.0 = Release|Any CPU
		{CD1553A8-39E9-4CD8-AD24-3735422F826B}.Debug|Any CPU.ActiveCfg = Debug|Any CPU
		{CD1553A8-39E9-4CD8-AD24-3735422F826B}.Debug|Any CPU.Build.0 = Debug|Any CPU
		{CD1553A8-39E9-4CD8-AD24-3735422F826B}.Release|Any CPU.ActiveCfg = Release|Any CPU
		{CD1553A8-39E9-4CD8-AD24-3735422F826B}.Release|Any CPU.Build.0 = Release|Any CPU
		{5AB5C238-0541-443E-84E9-7CC053F0962C}.Debug|Any CPU.ActiveCfg = Debug|Any CPU
		{5AB5C238-0541-443E-84E9-7CC053F0962C}.Debug|Any CPU.Build.0 = Debug|Any CPU
		{5AB5C238-0541-443E-84E9-7CC053F0962C}.Release|Any CPU.ActiveCfg = Release|Any CPU
		{5AB5C238-0541-443E-84E9-7CC053F0962C}.Release|Any CPU.Build.0 = Release|Any CPU
	EndGlobalSection
	GlobalSection(SolutionProperties) = preSolution
		HideSolutionNode = FALSE
	EndGlobalSection
EndGlobal
